
Microsoft Visual Studio Solution File, Format Version 12.00
# Visual Studio Version 16
VisualStudioVersion = 16.0.30309.148
MinimumVisualStudioVersion = 10.0.40219.1
Project("{FAE04EC0-301F-11D3-BF4B-00C04F79EFBC}") = "Splash", "Splash\Splash.csproj", "{816FE506-940C-48B3-B95C-D9604726CD29}"
EndProject
Global
	GlobalSection(SolutionConfigurationPlatforms) = preSolution
		Debug|Any CPU = Debug|Any CPU
		Release|Any CPU = Release|Any CPU
	EndGlobalSection
	GlobalSection(ProjectConfigurationPlatforms) = postSolution
		{816FE506-940C-48B3-B95C-D9604726CD29}.Debug|Any CPU.ActiveCfg = Debug|Any CPU
		{816FE506-940C-48B3-B95C-D9604726CD29}.Debug|Any CPU.Build.0 = Debug|Any CPU
		{816FE506-940C-48B3-B95C-D9604726CD29}.Release|Any CPU.ActiveCfg = Release|Any CPU
		{816FE506-940C-48B3-B95C-D9604726CD29}.Release|Any CPU.Build.0 = Release|Any CPU
	EndGlobalSection
	GlobalSection(SolutionProperties) = preSolution
		HideSolutionNode = FALSE
	EndGlobalSection
	GlobalSection(ExtensibilityGlobals) = postSolution
		SolutionGuid = {0B3DC924-7558-4EE8-8F69-634E17D494B1}
	EndGlobalSection
EndGlobal
