
Microsoft Visual Studio Solution File, Format Version 12.00
# Visual Studio Version 16
VisualStudioVersion = 16.0.30406.217
MinimumVisualStudioVersion = 10.0.40219.1
Project("{FAE04EC0-301F-11D3-BF4B-00C04F79EFBC}") = "char", "char\char.csproj", "{0D168714-DCDA-47B8-AF64-498770452A89}"
EndProject
Global
	GlobalSection(SolutionConfigurationPlatforms) = preSolution
		Debug|Any CPU = Debug|Any CPU
		Release|Any CPU = Release|Any CPU
	EndGlobalSection
	GlobalSection(ProjectConfigurationPlatforms) = postSolution
		{0D168714-DCDA-47B8-AF64-498770452A89}.Debug|Any CPU.ActiveCfg = Debug|Any CPU
		{0D168714-DCDA-47B8-AF64-498770452A89}.Debug|Any CPU.Build.0 = Debug|Any CPU
		{0D168714-DCDA-47B8-AF64-498770452A89}.Release|Any CPU.ActiveCfg = Release|Any CPU
		{0D168714-DCDA-47B8-AF64-498770452A89}.Release|Any CPU.Build.0 = Release|Any CPU
	EndGlobalSection
	GlobalSection(SolutionProperties) = preSolution
		HideSolutionNode = FALSE
	EndGlobalSection
	GlobalSection(ExtensibilityGlobals) = postSolution
		SolutionGuid = {17AF4F5F-D9ED-454A-803E-C385BCCD50C4}
	EndGlobalSection
EndGlobal
